
Microsoft Visual Studio Solution File, Format Version 12.00
# Visual Studio Version 16
VisualStudioVersion = 16.0.31402.337
MinimumVisualStudioVersion = 10.0.40219.1
Project("{FAE04EC0-301F-11D3-BF4B-00C04F79EFBC}") = "SimpleWebAPI", "SimpleWebAPI\SimpleWebAPI.csproj", "{24B64055-C0AE-431C-85F9-2C0275BDFFBC}"
EndProject
Project("{FAE04EC0-301F-11D3-BF4B-00C04F79EFBC}") = "SimpleWebAPI.Tests", "SimpleWebAPI.Tests\SimpleWebAPI.Tests.csproj", "{0991DBA4-FBA2-47D0-ADEA-4CA0807561CC}"
EndProject
Global
	GlobalSection(SolutionConfigurationPlatforms) = preSolution
		Debug|Any CPU = Debug|Any CPU
		Release|Any CPU = Release|Any CPU
	EndGlobalSection
	GlobalSection(ProjectConfigurationPlatforms) = postSolution
		{24B64055-C0AE-431C-85F9-2C0275BDFFBC}.Debug|Any CPU.ActiveCfg = Debug|Any CPU
		{24B64055-C0AE-431C-85F9-2C0275BDFFBC}.Debug|Any CPU.Build.0 = Debug|Any CPU
		{24B64055-C0AE-431C-85F9-2C0275BDFFBC}.Release|Any CPU.ActiveCfg = Release|Any CPU
		{24B64055-C0AE-431C-85F9-2C0275BDFFBC}.Release|Any CPU.Build.0 = Release|Any CPU
		{0991DBA4-FBA2-47D0-ADEA-4CA0807561CC}.Debug|Any CPU.ActiveCfg = Debug|Any CPU
		{0991DBA4-FBA2-47D0-ADEA-4CA0807561CC}.Debug|Any CPU.Build.0 = Debug|Any CPU
		{0991DBA4-FBA2-47D0-ADEA-4CA0807561CC}.Release|Any CPU.ActiveCfg = Release|Any CPU
		{0991DBA4-FBA2-47D0-ADEA-4CA0807561CC}.Release|Any CPU.Build.0 = Release|Any CPU
	EndGlobalSection
	GlobalSection(SolutionProperties) = preSolution
		HideSolutionNode = FALSE
	EndGlobalSection
	GlobalSection(ExtensibilityGlobals) = postSolution
		SolutionGuid = {2AA5D6BB-846D-4E92-A92D-E2FFC21DC77B}
	EndGlobalSection
EndGlobal
